
Microsoft Visual Studio Solution File, Format Version 12.00
# Visual Studio Version 17
VisualStudioVersion = 17.3.32901.215
MinimumVisualStudioVersion = 10.0.40219.1
Project("{FAE04EC0-301F-11D3-BF4B-00C04F79EFBC}") = "RoutesPlanner", "RoutesPlanner.csproj", "{78F168AC-4D12-4FE6-A59A-B669450B6659}"
EndProject
Global
	GlobalSection(SolutionConfigurationPlatforms) = preSolution
		Debug|Any CPU = Debug|Any CPU
		Release|Any CPU = Release|Any CPU
	EndGlobalSection
	GlobalSection(ProjectConfigurationPlatforms) = postSolution
		{78F168AC-4D12-4FE6-A59A-B669450B6659}.Debug|Any CPU.ActiveCfg = Debug|Any CPU
		{78F168AC-4D12-4FE6-A59A-B669450B6659}.Debug|Any CPU.Build.0 = Debug|Any CPU
		{78F168AC-4D12-4FE6-A59A-B669450B6659}.Release|Any CPU.ActiveCfg = Release|Any CPU
		{78F168AC-4D12-4FE6-A59A-B669450B6659}.Release|Any CPU.Build.0 = Release|Any CPU
	EndGlobalSection
	GlobalSection(SolutionProperties) = preSolution
		HideSolutionNode = FALSE
	EndGlobalSection
	GlobalSection(ExtensibilityGlobals) = postSolution
		SolutionGuid = {8D8D1BE7-6EAA-447F-BABE-24A665FBF28F}
	EndGlobalSection
EndGlobal
